// !$*UTF8*$!
{
	archiveVersion = 1;
	classes = {
	};
	objectVersion = 56;
	objects = {

/* Begin PBXBuildFile section */
		901057B62C516A3500AB6502 /* WhereWasIApp.swift in Sources */ = {isa = PBXBuildFile; fileRef = 901057B52C516A3500AB6502 /* WhereWasIApp.swift */; };
		901057BA2C516A3800AB6502 /* Assets.xcassets in Resources */ = {isa = PBXBuildFile; fileRef = 901057B92C516A3800AB6502 /* Assets.xcassets */; };
		901057BD2C516A3800AB6502 /* Preview Assets.xcassets in Resources */ = {isa = PBXBuildFile; fileRef = 901057BC2C516A3800AB6502 /* Preview Assets.xcassets */; };
		90138C4E2C51717F00FD0386 /* CurrentLocationProvider.swift in Sources */ = {isa = PBXBuildFile; fileRef = 90138C4D2C51717F00FD0386 /* CurrentLocationProvider.swift */; };
		90138C502C517CE900FD0386 /* MapLocation.swift in Sources */ = {isa = PBXBuildFile; fileRef = 90138C4F2C517CE900FD0386 /* MapLocation.swift */; };
		901C0AE12C5251E100811AA5 /* PersistenceLocationsController.swift in Sources */ = {isa = PBXBuildFile; fileRef = 901C0AE02C5251E100811AA5 /* PersistenceLocationsController.swift */; };
		901C0AE42C52529C00811AA5 /* PastLocations.xcdatamodeld in Sources */ = {isa = PBXBuildFile; fileRef = 901C0AE22C52529C00811AA5 /* PastLocations.xcdatamodeld */; };
		901C0AE72C527CA200811AA5 /* BottomSheet in Frameworks */ = {isa = PBXBuildFile; productRef = 901C0AE62C527CA200811AA5 /* BottomSheet */; };
		901C0AE92C527F6200811AA5 /* MainView.swift in Sources */ = {isa = PBXBuildFile; fileRef = 901C0AE82C527F6200811AA5 /* MainView.swift */; };
		901C0AEB2C5280DB00811AA5 /* AllLocationsView.swift in Sources */ = {isa = PBXBuildFile; fileRef = 901C0AEA2C5280DB00811AA5 /* AllLocationsView.swift */; };
		901C0AEF2C5289A100811AA5 /* HeadlineView.swift in Sources */ = {isa = PBXBuildFile; fileRef = 901C0AEE2C5289A100811AA5 /* HeadlineView.swift */; };
		901C0AF12C528CD200811AA5 /* EnableLocationTrackingView.swift in Sources */ = {isa = PBXBuildFile; fileRef = 901C0AF02C528CD200811AA5 /* EnableLocationTrackingView.swift */; };
		9068F2432C53C17800084D4D /* ShowableLocations.swift in Sources */ = {isa = PBXBuildFile; fileRef = 9068F2422C53C17800084D4D /* ShowableLocations.swift */; };
		90B402812C63646800122691 /* WhereWasITests.swift in Sources */ = {isa = PBXBuildFile; fileRef = 90B402802C63646800122691 /* WhereWasITests.swift */; };
		90B402882C6365ED00122691 /* PersistenceLocationsTest.swift in Sources */ = {isa = PBXBuildFile; fileRef = 90B402872C6365ED00122691 /* PersistenceLocationsTest.swift */; };
		90B4028A2C64BD9B00122691 /* Achievement.swift in Sources */ = {isa = PBXBuildFile; fileRef = 90B402892C64BD9B00122691 /* Achievement.swift */; };
		90B4028D2C64BE1200122691 /* Country.swift in Sources */ = {isa = PBXBuildFile; fileRef = 90B4028C2C64BE1200122691 /* Country.swift */; };
		90B4028F2C64BF6300122691 /* AchievementsView.swift in Sources */ = {isa = PBXBuildFile; fileRef = 90B4028E2C64BF6300122691 /* AchievementsView.swift */; };
		90B402912C64BF9D00122691 /* AchievementController.swift in Sources */ = {isa = PBXBuildFile; fileRef = 90B402902C64BF9D00122691 /* AchievementController.swift */; };
		90B402942C64C07C00122691 /* PersistentAchievementsInfo.xcdatamodeld in Sources */ = {isa = PBXBuildFile; fileRef = 90B402922C64C07C00122691 /* PersistentAchievementsInfo.xcdatamodeld */; };
/* End PBXBuildFile section */

/* Begin PBXContainerItemProxy section */
		90B402822C63646800122691 /* PBXContainerItemProxy */ = {
			isa = PBXContainerItemProxy;
			containerPortal = 901057AA2C516A3500AB6502 /* Project object */;
			proxyType = 1;
			remoteGlobalIDString = 901057B12C516A3500AB6502;
			remoteInfo = WhereWasI;
		};
/* End PBXContainerItemProxy section */

/* Begin PBXFileReference section */
		901057B22C516A3500AB6502 /* WhereWasI.app */ = {isa = PBXFileReference; explicitFileType = wrapper.application; includeInIndex = 0; path = WhereWasI.app; sourceTree = BUILT_PRODUCTS_DIR; };
		901057B52C516A3500AB6502 /* WhereWasIApp.swift */ = {isa = PBXFileReference; lastKnownFileType = sourcecode.swift; path = WhereWasIApp.swift; sourceTree = "<group>"; };
		901057B92C516A3800AB6502 /* Assets.xcassets */ = {isa = PBXFileReference; lastKnownFileType = folder.assetcatalog; path = Assets.xcassets; sourceTree = "<group>"; };
		901057BC2C516A3800AB6502 /* Preview Assets.xcassets */ = {isa = PBXFileReference; lastKnownFileType = folder.assetcatalog; path = "Preview Assets.xcassets"; sourceTree = "<group>"; };
		901057BE2C516A3800AB6502 /* WhereWasI.entitlements */ = {isa = PBXFileReference; lastKnownFileType = text.plist.entitlements; path = WhereWasI.entitlements; sourceTree = "<group>"; };
		901057E32C516E9400AB6502 /* Info.plist */ = {isa = PBXFileReference; lastKnownFileType = text.plist; path = Info.plist; sourceTree = "<group>"; };
		90138C4D2C51717F00FD0386 /* CurrentLocationProvider.swift */ = {isa = PBXFileReference; lastKnownFileType = sourcecode.swift; path = CurrentLocationProvider.swift; sourceTree = "<group>"; };
		90138C4F2C517CE900FD0386 /* MapLocation.swift */ = {isa = PBXFileReference; lastKnownFileType = sourcecode.swift; path = MapLocation.swift; sourceTree = "<group>"; };
		901C0AE02C5251E100811AA5 /* PersistenceLocationsController.swift */ = {isa = PBXFileReference; lastKnownFileType = sourcecode.swift; path = PersistenceLocationsController.swift; sourceTree = "<group>"; };
		901C0AE32C52529C00811AA5 /* PastLocations.xcdatamodel */ = {isa = PBXFileReference; lastKnownFileType = wrapper.xcdatamodel; path = PastLocations.xcdatamodel; sourceTree = "<group>"; };
		901C0AE82C527F6200811AA5 /* MainView.swift */ = {isa = PBXFileReference; lastKnownFileType = sourcecode.swift; path = MainView.swift; sourceTree = "<group>"; };
		901C0AEA2C5280DB00811AA5 /* AllLocationsView.swift */ = {isa = PBXFileReference; lastKnownFileType = sourcecode.swift; path = AllLocationsView.swift; sourceTree = "<group>"; };
		901C0AEE2C5289A100811AA5 /* HeadlineView.swift */ = {isa = PBXFileReference; lastKnownFileType = sourcecode.swift; path = HeadlineView.swift; sourceTree = "<group>"; };
		901C0AF02C528CD200811AA5 /* EnableLocationTrackingView.swift */ = {isa = PBXFileReference; lastKnownFileType = sourcecode.swift; path = EnableLocationTrackingView.swift; sourceTree = "<group>"; };
		9068F2422C53C17800084D4D /* ShowableLocations.swift */ = {isa = PBXFileReference; lastKnownFileType = sourcecode.swift; path = ShowableLocations.swift; sourceTree = "<group>"; };
		90B4027E2C63646800122691 /* WhereWasITests.xctest */ = {isa = PBXFileReference; explicitFileType = wrapper.cfbundle; includeInIndex = 0; path = WhereWasITests.xctest; sourceTree = BUILT_PRODUCTS_DIR; };
		90B402802C63646800122691 /* WhereWasITests.swift */ = {isa = PBXFileReference; lastKnownFileType = sourcecode.swift; path = WhereWasITests.swift; sourceTree = "<group>"; };
		90B402872C6365ED00122691 /* PersistenceLocationsTest.swift */ = {isa = PBXFileReference; lastKnownFileType = sourcecode.swift; path = PersistenceLocationsTest.swift; sourceTree = "<group>"; };
		90B402892C64BD9B00122691 /* Achievement.swift */ = {isa = PBXFileReference; lastKnownFileType = sourcecode.swift; path = Achievement.swift; sourceTree = "<group>"; };
		90B4028C2C64BE1200122691 /* Country.swift */ = {isa = PBXFileReference; lastKnownFileType = sourcecode.swift; path = Country.swift; sourceTree = "<group>"; };
		90B4028E2C64BF6300122691 /* AchievementsView.swift */ = {isa = PBXFileReference; lastKnownFileType = sourcecode.swift; path = AchievementsView.swift; sourceTree = "<group>"; };
		90B402902C64BF9D00122691 /* AchievementController.swift */ = {isa = PBXFileReference; lastKnownFileType = sourcecode.swift; path = AchievementController.swift; sourceTree = "<group>"; };
		90B402932C64C07C00122691 /* PersistentAchievementsInfo.xcdatamodel */ = {isa = PBXFileReference; lastKnownFileType = wrapper.xcdatamodel; path = PersistentAchievementsInfo.xcdatamodel; sourceTree = "<group>"; };
/* End PBXFileReference section */

/* Begin PBXFrameworksBuildPhase section */
		901057AF2C516A3500AB6502 /* Frameworks */ = {
			isa = PBXFrameworksBuildPhase;
			buildActionMask = 2147483647;
			files = (
				901C0AE72C527CA200811AA5 /* BottomSheet in Frameworks */,
			);
			runOnlyForDeploymentPostprocessing = 0;
		};
		90B4027B2C63646800122691 /* Frameworks */ = {
			isa = PBXFrameworksBuildPhase;
			buildActionMask = 2147483647;
			files = (
			);
			runOnlyForDeploymentPostprocessing = 0;
		};
/* End PBXFrameworksBuildPhase section */

/* Begin PBXGroup section */
		901057A92C516A3500AB6502 = {
			isa = PBXGroup;
			children = (
				901057B42C516A3500AB6502 /* WhereWasI */,
				90B4027F2C63646800122691 /* WhereWasITests */,
				901057B32C516A3500AB6502 /* Products */,
			);
			sourceTree = "<group>";
		};
		901057B32C516A3500AB6502 /* Products */ = {
			isa = PBXGroup;
			children = (
				901057B22C516A3500AB6502 /* WhereWasI.app */,
				90B4027E2C63646800122691 /* WhereWasITests.xctest */,
			);
			name = Products;
			sourceTree = "<group>";
		};
		901057B42C516A3500AB6502 /* WhereWasI */ = {
			isa = PBXGroup;
			children = (
				9068F2412C53C11800084D4D /* Enums */,
				90138C512C517E0600FD0386 /* Protocols */,
				901057E32C516E9400AB6502 /* Info.plist */,
				901057B52C516A3500AB6502 /* WhereWasIApp.swift */,
				901057E02C516CCD00AB6502 /* Views */,
				901057E12C516CD500AB6502 /* MVC */,
				901057E22C516CDD00AB6502 /* Model */,
				901057B92C516A3800AB6502 /* Assets.xcassets */,
				901057BE2C516A3800AB6502 /* WhereWasI.entitlements */,
				901057BB2C516A3800AB6502 /* Preview Content */,
			);
			path = WhereWasI;
			sourceTree = "<group>";
		};
		901057BB2C516A3800AB6502 /* Preview Content */ = {
			isa = PBXGroup;
			children = (
				901057BC2C516A3800AB6502 /* Preview Assets.xcassets */,
			);
			path = "Preview Content";
			sourceTree = "<group>";
		};
		901057E02C516CCD00AB6502 /* Views */ = {
			isa = PBXGroup;
			children = (
				901C0AE82C527F6200811AA5 /* MainView.swift */,
				901C0AEA2C5280DB00811AA5 /* AllLocationsView.swift */,
				901C0AEE2C5289A100811AA5 /* HeadlineView.swift */,
				901C0AF02C528CD200811AA5 /* EnableLocationTrackingView.swift */,
				90B4028E2C64BF6300122691 /* AchievementsView.swift */,
			);
			path = Views;
			sourceTree = "<group>";
		};
		901057E12C516CD500AB6502 /* MVC */ = {
			isa = PBXGroup;
			children = (
				901C0AE02C5251E100811AA5 /* PersistenceLocationsController.swift */,
				90138C4D2C51717F00FD0386 /* CurrentLocationProvider.swift */,
				90B402902C64BF9D00122691 /* AchievementController.swift */,
			);
			path = MVC;
			sourceTree = "<group>";
		};
		901057E22C516CDD00AB6502 /* Model */ = {
			isa = PBXGroup;
			children = (
				90138C4F2C517CE900FD0386 /* MapLocation.swift */,
				901C0AE22C52529C00811AA5 /* PastLocations.xcdatamodeld */,
				90B4028B2C64BDF600122691 /* Achievement */,
			);
			path = Model;
			sourceTree = "<group>";
		};
		90138C512C517E0600FD0386 /* Protocols */ = {
			isa = PBXGroup;
			children = (
			);
			path = Protocols;
			sourceTree = "<group>";
		};
		9068F2412C53C11800084D4D /* Enums */ = {
			isa = PBXGroup;
			children = (
				9068F2422C53C17800084D4D /* ShowableLocations.swift */,
			);
			path = Enums;
			sourceTree = "<group>";
		};
		90B4027F2C63646800122691 /* WhereWasITests */ = {
			isa = PBXGroup;
			children = (
				90B402802C63646800122691 /* WhereWasITests.swift */,
				90B402872C6365ED00122691 /* PersistenceLocationsTest.swift */,
			);
			path = WhereWasITests;
			sourceTree = "<group>";
		};
		90B4028B2C64BDF600122691 /* Achievement */ = {
			isa = PBXGroup;
			children = (
				90B402892C64BD9B00122691 /* Achievement.swift */,
				90B4028C2C64BE1200122691 /* Country.swift */,
				90B402922C64C07C00122691 /* PersistentAchievementsInfo.xcdatamodeld */,
			);
			path = Achievement;
			sourceTree = "<group>";
		};
/* End PBXGroup section */

/* Begin PBXNativeTarget section */
		901057B12C516A3500AB6502 /* WhereWasI */ = {
			isa = PBXNativeTarget;
			buildConfigurationList = 901057D72C516A3900AB6502 /* Build configuration list for PBXNativeTarget "WhereWasI" */;
			buildPhases = (
				901057AE2C516A3500AB6502 /* Sources */,
				901057AF2C516A3500AB6502 /* Frameworks */,
				901057B02C516A3500AB6502 /* Resources */,
			);
			buildRules = (
			);
			dependencies = (
			);
			name = WhereWasI;
			packageProductDependencies = (
				901C0AE62C527CA200811AA5 /* BottomSheet */,
			);
			productName = WhereWasI;
			productReference = 901057B22C516A3500AB6502 /* WhereWasI.app */;
			productType = "com.apple.product-type.application";
		};
		90B4027D2C63646800122691 /* WhereWasITests */ = {
			isa = PBXNativeTarget;
			buildConfigurationList = 90B402862C63646800122691 /* Build configuration list for PBXNativeTarget "WhereWasITests" */;
			buildPhases = (
				90B4027A2C63646800122691 /* Sources */,
				90B4027B2C63646800122691 /* Frameworks */,
				90B4027C2C63646800122691 /* Resources */,
			);
			buildRules = (
			);
			dependencies = (
				90B402832C63646800122691 /* PBXTargetDependency */,
			);
			name = WhereWasITests;
			productName = WhereWasITests;
			productReference = 90B4027E2C63646800122691 /* WhereWasITests.xctest */;
			productType = "com.apple.product-type.bundle.unit-test";
		};
/* End PBXNativeTarget section */

/* Begin PBXProject section */
		901057AA2C516A3500AB6502 /* Project object */ = {
			isa = PBXProject;
			attributes = {
				BuildIndependentTargetsInParallel = 1;
				LastSwiftUpdateCheck = 1540;
				LastUpgradeCheck = 1540;
				TargetAttributes = {
					901057B12C516A3500AB6502 = {
						CreatedOnToolsVersion = 15.4;
					};
					90B4027D2C63646800122691 = {
						CreatedOnToolsVersion = 15.4;
						TestTargetID = 901057B12C516A3500AB6502;
					};
				};
			};
			buildConfigurationList = 901057AD2C516A3500AB6502 /* Build configuration list for PBXProject "WhereWasI" */;
			compatibilityVersion = "Xcode 14.0";
			developmentRegion = en;
			hasScannedForEncodings = 0;
			knownRegions = (
				en,
				Base,
			);
			mainGroup = 901057A92C516A3500AB6502;
			packageReferences = (
				901C0AE52C527CA200811AA5 /* XCRemoteSwiftPackageReference "BottomSheet" */,
			);
			productRefGroup = 901057B32C516A3500AB6502 /* Products */;
			projectDirPath = "";
			projectRoot = "";
			targets = (
				901057B12C516A3500AB6502 /* WhereWasI */,
				90B4027D2C63646800122691 /* WhereWasITests */,
			);
		};
/* End PBXProject section */

/* Begin PBXResourcesBuildPhase section */
		901057B02C516A3500AB6502 /* Resources */ = {
			isa = PBXResourcesBuildPhase;
			buildActionMask = 2147483647;
			files = (
				901057BD2C516A3800AB6502 /* Preview Assets.xcassets in Resources */,
				901057BA2C516A3800AB6502 /* Assets.xcassets in Resources */,
			);
			runOnlyForDeploymentPostprocessing = 0;
		};
		90B4027C2C63646800122691 /* Resources */ = {
			isa = PBXResourcesBuildPhase;
			buildActionMask = 2147483647;
			files = (
			);
			runOnlyForDeploymentPostprocessing = 0;
		};
/* End PBXResourcesBuildPhase section */

/* Begin PBXSourcesBuildPhase section */
		901057AE2C516A3500AB6502 /* Sources */ = {
			isa = PBXSourcesBuildPhase;
			buildActionMask = 2147483647;
			files = (
				901C0AEB2C5280DB00811AA5 /* AllLocationsView.swift in Sources */,
				901C0AE92C527F6200811AA5 /* MainView.swift in Sources */,
				9068F2432C53C17800084D4D /* ShowableLocations.swift in Sources */,
				901C0AF12C528CD200811AA5 /* EnableLocationTrackingView.swift in Sources */,
				90B4028D2C64BE1200122691 /* Country.swift in Sources */,
				90138C4E2C51717F00FD0386 /* CurrentLocationProvider.swift in Sources */,
				901C0AE12C5251E100811AA5 /* PersistenceLocationsController.swift in Sources */,
				90B402912C64BF9D00122691 /* AchievementController.swift in Sources */,
				90138C502C517CE900FD0386 /* MapLocation.swift in Sources */,
				901C0AE42C52529C00811AA5 /* PastLocations.xcdatamodeld in Sources */,
				90B4028F2C64BF6300122691 /* AchievementsView.swift in Sources */,
				901057B62C516A3500AB6502 /* WhereWasIApp.swift in Sources */,
				90B4028A2C64BD9B00122691 /* Achievement.swift in Sources */,
				901C0AEF2C5289A100811AA5 /* HeadlineView.swift in Sources */,
				90B402942C64C07C00122691 /* PersistentAchievementsInfo.xcdatamodeld in Sources */,
			);
			runOnlyForDeploymentPostprocessing = 0;
		};
		90B4027A2C63646800122691 /* Sources */ = {
			isa = PBXSourcesBuildPhase;
			buildActionMask = 2147483647;
			files = (
				90B402882C6365ED00122691 /* PersistenceLocationsTest.swift in Sources */,
				90B402812C63646800122691 /* WhereWasITests.swift in Sources */,
			);
			runOnlyForDeploymentPostprocessing = 0;
		};
/* End PBXSourcesBuildPhase section */

/* Begin PBXTargetDependency section */
		90B402832C63646800122691 /* PBXTargetDependency */ = {
			isa = PBXTargetDependency;
			target = 901057B12C516A3500AB6502 /* WhereWasI */;
			targetProxy = 90B402822C63646800122691 /* PBXContainerItemProxy */;
		};
/* End PBXTargetDependency section */

/* Begin XCBuildConfiguration section */
		901057D52C516A3900AB6502 /* Debug */ = {
			isa = XCBuildConfiguration;
			buildSettings = {
				ALWAYS_SEARCH_USER_PATHS = NO;
				ASSETCATALOG_COMPILER_GENERATE_SWIFT_ASSET_SYMBOL_EXTENSIONS = YES;
				CLANG_ANALYZER_NONNULL = YES;
				CLANG_ANALYZER_NUMBER_OBJECT_CONVERSION = YES_AGGRESSIVE;
				CLANG_CXX_LANGUAGE_STANDARD = "gnu++20";
				CLANG_ENABLE_MODULES = YES;
				CLANG_ENABLE_OBJC_ARC = YES;
				CLANG_ENABLE_OBJC_WEAK = YES;
				CLANG_WARN_BLOCK_CAPTURE_AUTORELEASING = YES;
				CLANG_WARN_BOOL_CONVERSION = YES;
				CLANG_WARN_COMMA = YES;
				CLANG_WARN_CONSTANT_CONVERSION = YES;
				CLANG_WARN_DEPRECATED_OBJC_IMPLEMENTATIONS = YES;
				CLANG_WARN_DIRECT_OBJC_ISA_USAGE = YES_ERROR;
				CLANG_WARN_DOCUMENTATION_COMMENTS = YES;
				CLANG_WARN_EMPTY_BODY = YES;
				CLANG_WARN_ENUM_CONVERSION = YES;
				CLANG_WARN_INFINITE_RECURSION = YES;
				CLANG_WARN_INT_CONVERSION = YES;
				CLANG_WARN_NON_LITERAL_NULL_CONVERSION = YES;
				CLANG_WARN_OBJC_IMPLICIT_RETAIN_SELF = YES;
				CLANG_WARN_OBJC_LITERAL_CONVERSION = YES;
				CLANG_WARN_OBJC_ROOT_CLASS = YES_ERROR;
				CLANG_WARN_QUOTED_INCLUDE_IN_FRAMEWORK_HEADER = YES;
				CLANG_WARN_RANGE_LOOP_ANALYSIS = YES;
				CLANG_WARN_STRICT_PROTOTYPES = YES;
				CLANG_WARN_SUSPICIOUS_MOVE = YES;
				CLANG_WARN_UNGUARDED_AVAILABILITY = YES_AGGRESSIVE;
				CLANG_WARN_UNREACHABLE_CODE = YES;
				CLANG_WARN__DUPLICATE_METHOD_MATCH = YES;
				COPY_PHASE_STRIP = NO;
				DEBUG_INFORMATION_FORMAT = dwarf;
				ENABLE_STRICT_OBJC_MSGSEND = YES;
				ENABLE_TESTABILITY = YES;
				ENABLE_USER_SCRIPT_SANDBOXING = YES;
				GCC_C_LANGUAGE_STANDARD = gnu17;
				GCC_DYNAMIC_NO_PIC = NO;
				GCC_NO_COMMON_BLOCKS = YES;
				GCC_OPTIMIZATION_LEVEL = 0;
				GCC_PREPROCESSOR_DEFINITIONS = (
					"DEBUG=1",
					"$(inherited)",
				);
				GCC_WARN_64_TO_32_BIT_CONVERSION = YES;
				GCC_WARN_ABOUT_RETURN_TYPE = YES_ERROR;
				GCC_WARN_UNDECLARED_SELECTOR = YES;
				GCC_WARN_UNINITIALIZED_AUTOS = YES_AGGRESSIVE;
				GCC_WARN_UNUSED_FUNCTION = YES;
				GCC_WARN_UNUSED_VARIABLE = YES;
				LOCALIZATION_PREFERS_STRING_CATALOGS = YES;
				MACOSX_DEPLOYMENT_TARGET = 14.5;
				MTL_ENABLE_DEBUG_INFO = INCLUDE_SOURCE;
				MTL_FAST_MATH = YES;
				ONLY_ACTIVE_ARCH = YES;
				SDKROOT = macosx;
				SWIFT_ACTIVE_COMPILATION_CONDITIONS = "DEBUG $(inherited)";
				SWIFT_OPTIMIZATION_LEVEL = "-Onone";
			};
			name = Debug;
		};
		901057D62C516A3900AB6502 /* Release */ = {
			isa = XCBuildConfiguration;
			buildSettings = {
				ALWAYS_SEARCH_USER_PATHS = NO;
				ASSETCATALOG_COMPILER_GENERATE_SWIFT_ASSET_SYMBOL_EXTENSIONS = YES;
				CLANG_ANALYZER_NONNULL = YES;
				CLANG_ANALYZER_NUMBER_OBJECT_CONVERSION = YES_AGGRESSIVE;
				CLANG_CXX_LANGUAGE_STANDARD = "gnu++20";
				CLANG_ENABLE_MODULES = YES;
				CLANG_ENABLE_OBJC_ARC = YES;
				CLANG_ENABLE_OBJC_WEAK = YES;
				CLANG_WARN_BLOCK_CAPTURE_AUTORELEASING = YES;
				CLANG_WARN_BOOL_CONVERSION = YES;
				CLANG_WARN_COMMA = YES;
				CLANG_WARN_CONSTANT_CONVERSION = YES;
				CLANG_WARN_DEPRECATED_OBJC_IMPLEMENTATIONS = YES;
				CLANG_WARN_DIRECT_OBJC_ISA_USAGE = YES_ERROR;
				CLANG_WARN_DOCUMENTATION_COMMENTS = YES;
				CLANG_WARN_EMPTY_BODY = YES;
				CLANG_WARN_ENUM_CONVERSION = YES;
				CLANG_WARN_INFINITE_RECURSION = YES;
				CLANG_WARN_INT_CONVERSION = YES;
				CLANG_WARN_NON_LITERAL_NULL_CONVERSION = YES;
				CLANG_WARN_OBJC_IMPLICIT_RETAIN_SELF = YES;
				CLANG_WARN_OBJC_LITERAL_CONVERSION = YES;
				CLANG_WARN_OBJC_ROOT_CLASS = YES_ERROR;
				CLANG_WARN_QUOTED_INCLUDE_IN_FRAMEWORK_HEADER = YES;
				CLANG_WARN_RANGE_LOOP_ANALYSIS = YES;
				CLANG_WARN_STRICT_PROTOTYPES = YES;
				CLANG_WARN_SUSPICIOUS_MOVE = YES;
				CLANG_WARN_UNGUARDED_AVAILABILITY = YES_AGGRESSIVE;
				CLANG_WARN_UNREACHABLE_CODE = YES;
				CLANG_WARN__DUPLICATE_METHOD_MATCH = YES;
				COPY_PHASE_STRIP = NO;
				DEBUG_INFORMATION_FORMAT = "dwarf-with-dsym";
				ENABLE_NS_ASSERTIONS = NO;
				ENABLE_STRICT_OBJC_MSGSEND = YES;
				ENABLE_USER_SCRIPT_SANDBOXING = YES;
				GCC_C_LANGUAGE_STANDARD = gnu17;
				GCC_NO_COMMON_BLOCKS = YES;
				GCC_WARN_64_TO_32_BIT_CONVERSION = YES;
				GCC_WARN_ABOUT_RETURN_TYPE = YES_ERROR;
				GCC_WARN_UNDECLARED_SELECTOR = YES;
				GCC_WARN_UNINITIALIZED_AUTOS = YES_AGGRESSIVE;
				GCC_WARN_UNUSED_FUNCTION = YES;
				GCC_WARN_UNUSED_VARIABLE = YES;
				LOCALIZATION_PREFERS_STRING_CATALOGS = YES;
				MACOSX_DEPLOYMENT_TARGET = 14.5;
				MTL_ENABLE_DEBUG_INFO = NO;
				MTL_FAST_MATH = YES;
				SDKROOT = macosx;
				SWIFT_COMPILATION_MODE = wholemodule;
			};
			name = Release;
		};
		901057D82C516A3900AB6502 /* Debug */ = {
			isa = XCBuildConfiguration;
			buildSettings = {
				ASSETCATALOG_COMPILER_APPICON_NAME = AppIcon;
				ASSETCATALOG_COMPILER_GLOBAL_ACCENT_COLOR_NAME = AccentColor;
				CODE_SIGN_ENTITLEMENTS = WhereWasI/WhereWasI.entitlements;
				CODE_SIGN_STYLE = Automatic;
				COMBINE_HIDPI_IMAGES = YES;
				CURRENT_PROJECT_VERSION = 1;
				DEVELOPMENT_ASSET_PATHS = "\"WhereWasI/Preview Content\"";
				DEVELOPMENT_TEAM = 285F7C475A;
				ENABLE_HARDENED_RUNTIME = YES;
				ENABLE_PREVIEWS = YES;
				GENERATE_INFOPLIST_FILE = YES;
				INFOPLIST_FILE = WhereWasI/Info.plist;
				INFOPLIST_KEY_LSApplicationCategoryType = "public.app-category.travel";
				INFOPLIST_KEY_NSHumanReadableCopyright = "";
				INFOPLIST_KEY_NSLocationAlwaysAndWhenInUseUsageDescription = "We need to view your location in the background to mark the places where you have been";
				INFOPLIST_KEY_NSLocationAlwaysUsageDescription = "We need to view your location in the background to mark the places where you have been";
				INFOPLIST_KEY_NSLocationWhenInUseUsageDescription = "We need to view your location to show where you are located";
				INFOPLIST_KEY_UISupportedInterfaceOrientations = UIInterfaceOrientationPortrait;
				LD_RUNPATH_SEARCH_PATHS = (
					"$(inherited)",
					"@executable_path/../Frameworks",
				);
				MARKETING_VERSION = 1.0;
				PRODUCT_BUNDLE_IDENTIFIER = "frimmel-hoffmann.cedric.WhereWasI";
				PRODUCT_NAME = "$(TARGET_NAME)";
				SUPPORTED_PLATFORMS = "iphoneos iphonesimulator";
				SUPPORTS_MACCATALYST = NO;
				SWIFT_EMIT_LOC_STRINGS = YES;
				SWIFT_VERSION = 5.0;
				TARGETED_DEVICE_FAMILY = 1;
			};
			name = Debug;
		};
		901057D92C516A3900AB6502 /* Release */ = {
			isa = XCBuildConfiguration;
			buildSettings = {
				ASSETCATALOG_COMPILER_APPICON_NAME = AppIcon;
				ASSETCATALOG_COMPILER_GLOBAL_ACCENT_COLOR_NAME = AccentColor;
				CODE_SIGN_ENTITLEMENTS = WhereWasI/WhereWasI.entitlements;
				CODE_SIGN_STYLE = Automatic;
				COMBINE_HIDPI_IMAGES = YES;
				CURRENT_PROJECT_VERSION = 1;
				DEVELOPMENT_ASSET_PATHS = "\"WhereWasI/Preview Content\"";
				DEVELOPMENT_TEAM = 285F7C475A;
				ENABLE_HARDENED_RUNTIME = YES;
				ENABLE_PREVIEWS = YES;
				GENERATE_INFOPLIST_FILE = YES;
				INFOPLIST_FILE = WhereWasI/Info.plist;
				INFOPLIST_KEY_LSApplicationCategoryType = "public.app-category.travel";
				INFOPLIST_KEY_NSHumanReadableCopyright = "";
				INFOPLIST_KEY_NSLocationAlwaysAndWhenInUseUsageDescription = "We need to view your location in the background to mark the places where you have been";
				INFOPLIST_KEY_NSLocationAlwaysUsageDescription = "We need to view your location in the background to mark the places where you have been";
				INFOPLIST_KEY_NSLocationWhenInUseUsageDescription = "We need to view your location to show where you are located";
				INFOPLIST_KEY_UISupportedInterfaceOrientations = UIInterfaceOrientationPortrait;
				LD_RUNPATH_SEARCH_PATHS = (
					"$(inherited)",
					"@executable_path/../Frameworks",
				);
				MARKETING_VERSION = 1.0;
				PRODUCT_BUNDLE_IDENTIFIER = "frimmel-hoffmann.cedric.WhereWasI";
				PRODUCT_NAME = "$(TARGET_NAME)";
				SUPPORTED_PLATFORMS = "iphoneos iphonesimulator";
				SUPPORTS_MACCATALYST = NO;
				SWIFT_EMIT_LOC_STRINGS = YES;
				SWIFT_VERSION = 5.0;
				TARGETED_DEVICE_FAMILY = 1;
			};
			name = Release;
		};
		90B402842C63646800122691 /* Debug */ = {
			isa = XCBuildConfiguration;
			buildSettings = {
				BUNDLE_LOADER = "$(TEST_HOST)";
				CODE_SIGN_STYLE = Automatic;
				CURRENT_PROJECT_VERSION = 1;
				DEVELOPMENT_TEAM = 285F7C475A;
				GENERATE_INFOPLIST_FILE = YES;
				IPHONEOS_DEPLOYMENT_TARGET = 17.5;
				MARKETING_VERSION = 1.0;
				PRODUCT_BUNDLE_IDENTIFIER = "frimmel-hoffmann.cedric.WhereWasITests";
				PRODUCT_NAME = "$(TARGET_NAME)";
				SDKROOT = iphoneos;
				SWIFT_EMIT_LOC_STRINGS = NO;
				SWIFT_VERSION = 5.0;
				TARGETED_DEVICE_FAMILY = "1,2";
				TEST_HOST = "$(BUILT_PRODUCTS_DIR)/WhereWasI.app/$(BUNDLE_EXECUTABLE_FOLDER_PATH)/WhereWasI";
			};
			name = Debug;
		};
		90B402852C63646800122691 /* Release */ = {
			isa = XCBuildConfiguration;
			buildSettings = {
				BUNDLE_LOADER = "$(TEST_HOST)";
				CODE_SIGN_STYLE = Automatic;
				CURRENT_PROJECT_VERSION = 1;
				DEVELOPMENT_TEAM = 285F7C475A;
				GENERATE_INFOPLIST_FILE = YES;
				IPHONEOS_DEPLOYMENT_TARGET = 17.5;
				MARKETING_VERSION = 1.0;
				PRODUCT_BUNDLE_IDENTIFIER = "frimmel-hoffmann.cedric.WhereWasITests";
				PRODUCT_NAME = "$(TARGET_NAME)";
				SDKROOT = iphoneos;
				SWIFT_EMIT_LOC_STRINGS = NO;
				SWIFT_VERSION = 5.0;
				TARGETED_DEVICE_FAMILY = "1,2";
				TEST_HOST = "$(BUILT_PRODUCTS_DIR)/WhereWasI.app/$(BUNDLE_EXECUTABLE_FOLDER_PATH)/WhereWasI";
				VALIDATE_PRODUCT = YES;
			};
			name = Release;
		};
/* End XCBuildConfiguration section */

/* Begin XCConfigurationList section */
		901057AD2C516A3500AB6502 /* Build configuration list for PBXProject "WhereWasI" */ = {
			isa = XCConfigurationList;
			buildConfigurations = (
				901057D52C516A3900AB6502 /* Debug */,
				901057D62C516A3900AB6502 /* Release */,
			);
			defaultConfigurationIsVisible = 0;
			defaultConfigurationName = Release;
		};
		901057D72C516A3900AB6502 /* Build configuration list for PBXNativeTarget "WhereWasI" */ = {
			isa = XCConfigurationList;
			buildConfigurations = (
				901057D82C516A3900AB6502 /* Debug */,
				901057D92C516A3900AB6502 /* Release */,
			);
			defaultConfigurationIsVisible = 0;
			defaultConfigurationName = Release;
		};
		90B402862C63646800122691 /* Build configuration list for PBXNativeTarget "WhereWasITests" */ = {
			isa = XCConfigurationList;
			buildConfigurations = (
				90B402842C63646800122691 /* Debug */,
				90B402852C63646800122691 /* Release */,
			);
			defaultConfigurationIsVisible = 0;
			defaultConfigurationName = Release;
		};
/* End XCConfigurationList section */

/* Begin XCRemoteSwiftPackageReference section */
		901C0AE52C527CA200811AA5 /* XCRemoteSwiftPackageReference "BottomSheet" */ = {
			isa = XCRemoteSwiftPackageReference;
			repositoryURL = "https://github.com/lucaszischka/BottomSheet";
			requirement = {
				kind = upToNextMajorVersion;
				minimumVersion = 3.1.1;
			};
		};
/* End XCRemoteSwiftPackageReference section */

/* Begin XCSwiftPackageProductDependency section */
		901C0AE62C527CA200811AA5 /* BottomSheet */ = {
			isa = XCSwiftPackageProductDependency;
			package = 901C0AE52C527CA200811AA5 /* XCRemoteSwiftPackageReference "BottomSheet" */;
			productName = BottomSheet;
		};
/* End XCSwiftPackageProductDependency section */

/* Begin XCVersionGroup section */
		901C0AE22C52529C00811AA5 /* PastLocations.xcdatamodeld */ = {
			isa = XCVersionGroup;
			children = (
				901C0AE32C52529C00811AA5 /* PastLocations.xcdatamodel */,
			);
			currentVersion = 901C0AE32C52529C00811AA5 /* PastLocations.xcdatamodel */;
			name = PastLocations.xcdatamodeld;
			path = "/Users/cedricfrimmel-hoffmann/Developer/WhereWasI/WhereWasI/Model/PastLocations.xcdatamodeld";
			sourceTree = "<group>";
			versionGroupType = wrapper.xcdatamodel;
		};
		90B402922C64C07C00122691 /* PersistentAchievementsInfo.xcdatamodeld */ = {
			isa = XCVersionGroup;
			children = (
				90B402932C64C07C00122691 /* PersistentAchievementsInfo.xcdatamodel */,
			);
			currentVersion = 90B402932C64C07C00122691 /* PersistentAchievementsInfo.xcdatamodel */;
			name = PersistentAchievementsInfo.xcdatamodeld;
			path = "/Users/cedricfrimmel-hoffmann/Developer/WhereWasI/WhereWasI/Model/Achievement/PersistentAchievementsInfo.xcdatamodeld";
			sourceTree = "<group>";
			versionGroupType = wrapper.xcdatamodel;
		};
/* End XCVersionGroup section */
	};
	rootObject = 901057AA2C516A3500AB6502 /* Project object */;
}
